
Microsoft Visual Studio Solution File, Format Version 12.00
# Visual Studio Version 17
VisualStudioVersion = 17.14.36717.8
MinimumVisualStudioVersion = 10.0.40219.1
Project("{FAE04EC0-301F-11D3-BF4B-00C04F79EFBC}") = "Charon", "Charon\Charon.csproj", "{D60F82CB-20CF-44A4-B974-EDEBB42FC998}"
EndProject
Project("{FAE04EC0-301F-11D3-BF4B-00C04F79EFBC}") = "Charon.Vision", "Charon.Vision\Charon.Vision.csproj", "{4AE1B202-4A41-4559-04AF-963C9B160490}"
EndProject
Project("{FAE04EC0-301F-11D3-BF4B-00C04F79EFBC}") = "Charon.Tests", "Charon.Tests\Charon.Tests.csproj", "{A3AB225E-953B-459C-9E0C-E5C2D953C516}"
EndProject
Project("{2150E333-8FDC-42A3-9474-1A3956D46DE8}") = "Charon.The.Driver", "Charon.The.Driver", "{02EA681E-C7D8-13C7-8484-4AC65E1B71E8}"
EndProject
Project("{FAE04EC0-301F-11D3-BF4B-00C04F79EFBC}") = "Charon.Input", "Charon.Input\Charon.Input.csproj", "{8D1862B4-2A16-414D-B767-6002F46801AB}"
EndProject
Project("{FAE04EC0-301F-11D3-BF4B-00C04F79EFBC}") = "Charon.Logic", "Charon.Logic\Charon.Logic.csproj", "{E5584B6B-7B39-43CC-B467-59E940B672B8}"
EndProject
Project("{2150E333-8FDC-42A3-9474-1A3956D46DE8}") = "Assets", "Assets", "{08C1CD50-2B4B-45C7-A3F7-3E3A77A03FF4}"
EndProject
Project("{2150E333-8FDC-42A3-9474-1A3956D46DE8}") = "Navigation", "Navigation", "{FAC4A8B4-7FE6-4E75-BCF3-3D98FE1D3B48}"
EndProject
Global
	GlobalSection(SolutionConfigurationPlatforms) = preSolution
		Debug|Any CPU = Debug|Any CPU
		Release|Any CPU = Release|Any CPU
	EndGlobalSection
	GlobalSection(ProjectConfigurationPlatforms) = postSolution
		{D60F82CB-20CF-44A4-B974-EDEBB42FC998}.Debug|Any CPU.ActiveCfg = Debug|Any CPU
		{D60F82CB-20CF-44A4-B974-EDEBB42FC998}.Debug|Any CPU.Build.0 = Debug|Any CPU
		{D60F82CB-20CF-44A4-B974-EDEBB42FC998}.Release|Any CPU.ActiveCfg = Release|Any CPU
		{D60F82CB-20CF-44A4-B974-EDEBB42FC998}.Release|Any CPU.Build.0 = Release|Any CPU
		{4AE1B202-4A41-4559-04AF-963C9B160490}.Debug|Any CPU.ActiveCfg = Debug|Any CPU
		{4AE1B202-4A41-4559-04AF-963C9B160490}.Debug|Any CPU.Build.0 = Debug|Any CPU
		{4AE1B202-4A41-4559-04AF-963C9B160490}.Release|Any CPU.ActiveCfg = Release|Any CPU
		{4AE1B202-4A41-4559-04AF-963C9B160490}.Release|Any CPU.Build.0 = Release|Any CPU
		{A3AB225E-953B-459C-9E0C-E5C2D953C516}.Debug|Any CPU.ActiveCfg = Debug|Any CPU
		{A3AB225E-953B-459C-9E0C-E5C2D953C516}.Debug|Any CPU.Build.0 = Debug|Any CPU
		{A3AB225E-953B-459C-9E0C-E5C2D953C516}.Release|Any CPU.ActiveCfg = Release|Any CPU
		{A3AB225E-953B-459C-9E0C-E5C2D953C516}.Release|Any CPU.Build.0 = Release|Any CPU
		{8D1862B4-2A16-414D-B767-6002F46801AB}.Debug|Any CPU.ActiveCfg = Debug|Any CPU
		{8D1862B4-2A16-414D-B767-6002F46801AB}.Debug|Any CPU.Build.0 = Debug|Any CPU
		{8D1862B4-2A16-414D-B767-6002F46801AB}.Release|Any CPU.ActiveCfg = Release|Any CPU
		{8D1862B4-2A16-414D-B767-6002F46801AB}.Release|Any CPU.Build.0 = Release|Any CPU
		{E5584B6B-7B39-43CC-B467-59E940B672B8}.Debug|Any CPU.ActiveCfg = Debug|Any CPU
		{E5584B6B-7B39-43CC-B467-59E940B672B8}.Debug|Any CPU.Build.0 = Debug|Any CPU
		{E5584B6B-7B39-43CC-B467-59E940B672B8}.Release|Any CPU.ActiveCfg = Release|Any CPU
		{E5584B6B-7B39-43CC-B467-59E940B672B8}.Release|Any CPU.Build.0 = Release|Any CPU
	EndGlobalSection
	GlobalSection(SolutionProperties) = preSolution
		HideSolutionNode = FALSE
	EndGlobalSection
	GlobalSection(NestedProjects) = preSolution
		{D60F82CB-20CF-44A4-B974-EDEBB42FC998} = {02EA681E-C7D8-13C7-8484-4AC65E1B71E8}
		{4AE1B202-4A41-4559-04AF-963C9B160490} = {02EA681E-C7D8-13C7-8484-4AC65E1B71E8}
		{8D1862B4-2A16-414D-B767-6002F46801AB} = {02EA681E-C7D8-13C7-8484-4AC65E1B71E8}
		{E5584B6B-7B39-43CC-B467-59E940B672B8} = {02EA681E-C7D8-13C7-8484-4AC65E1B71E8}
		{FAC4A8B4-7FE6-4E75-BCF3-3D98FE1D3B48} = {08C1CD50-2B4B-45C7-A3F7-3E3A77A03FF4}
	EndGlobalSection
	GlobalSection(ExtensibilityGlobals) = postSolution
		SolutionGuid = {DEE3CE19-E78C-4D0A-9066-4DFEDDA7B983}
	EndGlobalSection
EndGlobal
